
Microsoft Visual Studio Solution File, Format Version 12.00
# Visual Studio Version 17
VisualStudioVersion = 17.11.35327.3
MinimumVisualStudioVersion = 10.0.40219.1
Project("{FAE04EC0-301F-11D3-BF4B-00C04F79EFBC}") = "DEMO.app.deriv", "DEMO.app.deriv\DEMO.app.deriv.csproj", "{13A6E036-15D2-4432-BFDF-170920198DCC}"
EndProject
Global
	GlobalSection(SolutionConfigurationPlatforms) = preSolution
		Debug|Any CPU = Debug|Any CPU
		Release|Any CPU = Release|Any CPU
	EndGlobalSection
	GlobalSection(ProjectConfigurationPlatforms) = postSolution
		{13A6E036-15D2-4432-BFDF-170920198DCC}.Debug|Any CPU.ActiveCfg = Debug|Any CPU
		{13A6E036-15D2-4432-BFDF-170920198DCC}.Debug|Any CPU.Build.0 = Debug|Any CPU
		{13A6E036-15D2-4432-BFDF-170920198DCC}.Release|Any CPU.ActiveCfg = Release|Any CPU
		{13A6E036-15D2-4432-BFDF-170920198DCC}.Release|Any CPU.Build.0 = Release|Any CPU
	EndGlobalSection
	GlobalSection(SolutionProperties) = preSolution
		HideSolutionNode = FALSE
	EndGlobalSection
	GlobalSection(ExtensibilityGlobals) = postSolution
		SolutionGuid = {61E5EDB0-D4F2-4D74-9F0D-69E4660BFAAD}
	EndGlobalSection
EndGlobal
